
Microsoft Visual Studio Solution File, Format Version 12.00
# Visual Studio Version 17
VisualStudioVersion = 17.9.34622.214
MinimumVisualStudioVersion = 10.0.40219.1
Project("{C9674DCB-5085-4A16-B785-4C70DD1589BD}") = "CreateProductDBFromJSONFile", "CreateProductDBFromJSONFile.dtproj", "{E65A03B9-8C16-4E59-9DBB-BC70AF6CD8DD}"
EndProject
Global
	GlobalSection(SolutionConfigurationPlatforms) = preSolution
		Development|Default = Development|Default
	EndGlobalSection
	GlobalSection(ProjectConfigurationPlatforms) = postSolution
		{E65A03B9-8C16-4E59-9DBB-BC70AF6CD8DD}.Development|Default.ActiveCfg = Development
		{E65A03B9-8C16-4E59-9DBB-BC70AF6CD8DD}.Development|Default.Build.0 = Development
	EndGlobalSection
	GlobalSection(SolutionProperties) = preSolution
		HideSolutionNode = FALSE
	EndGlobalSection
	GlobalSection(ExtensibilityGlobals) = postSolution
		SolutionGuid = {3DE37290-96A7-4EE2-AB02-CB7E83403F88}
	EndGlobalSection
EndGlobal
